
Microsoft Visual Studio Solution File, Format Version 10.00
# Visual Studio 2008
Project("{FAE04EC0-301F-11D3-BF4B-00C04F79EFBC}") = "Tests", "Tests\Tests.csproj", "{16C56E1C-459D-4947-A75C-A36E65242340}"
EndProject
Project("{FAE04EC0-301F-11D3-BF4B-00C04F79EFBC}") = "SampleApp", "..\SampleApp\SampleApp.csproj", "{6E51C9B7-5038-472A-A0F1-60F8B1F5E316}"
EndProject
Global
	GlobalSection(SolutionConfigurationPlatforms) = preSolution
		Debug|Any CPU = Debug|Any CPU
		Release|Any CPU = Release|Any CPU
	EndGlobalSection
	GlobalSection(ProjectConfigurationPlatforms) = postSolution
		{16C56E1C-459D-4947-A75C-A36E65242340}.Debug|Any CPU.ActiveCfg = Debug|Any CPU
		{16C56E1C-459D-4947-A75C-A36E65242340}.Debug|Any CPU.Build.0 = Debug|Any CPU
		{16C56E1C-459D-4947-A75C-A36E65242340}.Release|Any CPU.ActiveCfg = Release|Any CPU
		{16C56E1C-459D-4947-A75C-A36E65242340}.Release|Any CPU.Build.0 = Release|Any CPU
		{6E51C9B7-5038-472A-A0F1-60F8B1F5E316}.Debug|Any CPU.ActiveCfg = Debug|Any CPU
		{6E51C9B7-5038-472A-A0F1-60F8B1F5E316}.Debug|Any CPU.Build.0 = Debug|Any CPU
		{6E51C9B7-5038-472A-A0F1-60F8B1F5E316}.Release|Any CPU.ActiveCfg = Release|Any CPU
		{6E51C9B7-5038-472A-A0F1-60F8B1F5E316}.Release|Any CPU.Build.0 = Release|Any CPU
	EndGlobalSection
	GlobalSection(SolutionProperties) = preSolution
		HideSolutionNode = FALSE
	EndGlobalSection
EndGlobal
