
Microsoft Visual Studio Solution File, Format Version 10.00
# Visual Studio 2008
Project("{FAE04EC0-301F-11D3-BF4B-00C04F79EFBC}") = "DotNetUtilities", "DotNetUtilities.csproj", "{11195B2B-C8B1-41C3-BE64-82857E2A72BB}"
EndProject
Global
	GlobalSection(SolutionConfigurationPlatforms) = preSolution
		Debug|Any CPU = Debug|Any CPU
		Release|Any CPU = Release|Any CPU
	EndGlobalSection
	GlobalSection(ProjectConfigurationPlatforms) = postSolution
		{11195B2B-C8B1-41C3-BE64-82857E2A72BB}.Debug|Any CPU.ActiveCfg = Debug|Any CPU
		{11195B2B-C8B1-41C3-BE64-82857E2A72BB}.Debug|Any CPU.Build.0 = Debug|Any CPU
		{11195B2B-C8B1-41C3-BE64-82857E2A72BB}.Release|Any CPU.ActiveCfg = Release|Any CPU
		{11195B2B-C8B1-41C3-BE64-82857E2A72BB}.Release|Any CPU.Build.0 = Release|Any CPU
	EndGlobalSection
	GlobalSection(SolutionProperties) = preSolution
		HideSolutionNode = FALSE
	EndGlobalSection
EndGlobal
