<?xml version="1.0" encoding="utf-8"?>
<Project ToolsVersion="4.0" xmlns="http://schemas.microsoft.com/developer/msbuild/2003">
  <ItemGroup>
    <Filter Include="Source Files">
      <UniqueIdentifier>{4FC737F1-C7A5-4376-A066-2A32D752A2FF}</UniqueIdentifier>
      <Extensions>cpp;c;cc;cxx;def;odl;idl;hpj;bat;asm;asmx</Extensions>
    </Filter>
    <Filter Include="Header Files">
      <UniqueIdentifier>{93995380-89BD-4b04-88EB-625FBE52EBFB}</UniqueIdentifier>
      <Extensions>h;hpp;hxx;hm;inl;inc;xsd</Extensions>
    </Filter>
    <Filter Include="Resource Files">
      <UniqueIdentifier>{67DA6AB6-F800-4c08-8B7A-83BB121AAD01}</UniqueIdentifier>
      <Extensions>rc;ico;cur;bmp;dlg;rc2;rct;bin;rgs;gif;jpg;jpeg;jpe;resx;tiff;tif;png;wav</Extensions>
    </Filter>
    <Filter Include="Generated Files">
      <UniqueIdentifier>{2e27bc43-c076-442b-bf9c-f7e260f3642a}</UniqueIdentifier>
      <SourceControlFiles>False</SourceControlFiles>
    </Filter>
  </ItemGroup>
  <ItemGroup>
    <ClCompile Include="Engine.cpp">
      <Filter>Source Files</Filter>
    </ClCompile>
    <ClCompile Include="Exceptions.cpp">
      <Filter>Source Files</Filter>
    </ClCompile>
    <ClCompile Include="FaultInjectionEngine.cpp">
      <Filter>Source Files</Filter>
    </ClCompile>
    <ClCompile Include="ILMethodBody.cpp">
      <Filter>Source Files</Filter>
    </ClCompile>
    <ClCompile Include="ILMethodHeader.cpp">
      <Filter>Source Files</Filter>
    </ClCompile>
    <ClCompile Include="ILMethodSect.cpp">
      <Filter>Source Files</Filter>
    </ClCompile>
    <ClCompile Include="MemoryRef.cpp">
      <Filter>Source Files</Filter>
    </ClCompile>
    <ClCompile Include="MetadataMethod.cpp">
      <Filter>Source Files</Filter>
    </ClCompile>
    <ClCompile Include="MetadataModule.cpp">
      <Filter>Source Files</Filter>
    </ClCompile>
    <ClCompile Include="MethodDefSigBlob.cpp">
      <Filter>Source Files</Filter>
    </ClCompile>
    <ClCompile Include="RetTypeSigBlob.cpp">
      <Filter>Source Files</Filter>
    </ClCompile>
    <ClCompile Include="Settings.cpp">
      <Filter>Source Files</Filter>
    </ClCompile>
    <ClCompile Include="SignatureBlob.cpp">
      <Filter>Source Files</Filter>
    </ClCompile>
    <ClCompile Include="stdafx.cpp">
      <Filter>Source Files</Filter>
    </ClCompile>
    <ClCompile Include="TextFile.cpp">
      <Filter>Source Files</Filter>
    </ClCompile>
    <ClCompile Include="TraceAndLog.cpp">
      <Filter>Source Files</Filter>
    </ClCompile>
    <ClCompile Include="FaultInjectionEngine_i.c">
      <Filter>Generated Files</Filter>
    </ClCompile>
  </ItemGroup>
  <ItemGroup>
    <None Include="FaultInjectionEngine.def">
      <Filter>Source Files</Filter>
    </None>
    <None Include="Engine.rgs">
      <Filter>Resource Files</Filter>
    </None>
    <None Include="FaultInjectionEngine.rgs">
      <Filter>Resource Files</Filter>
    </None>
    <None Include="..\ReadMe.txt" />
  </ItemGroup>
  <ItemGroup>
    <Midl Include="FaultInjectionEngine.idl">
      <Filter>Source Files</Filter>
    </Midl>
  </ItemGroup>
  <ItemGroup>
    <ClInclude Include="Engine.h">
      <Filter>Header Files</Filter>
    </ClInclude>
    <ClInclude Include="Exceptions.h">
      <Filter>Header Files</Filter>
    </ClInclude>
    <ClInclude Include="ILMethodBody.h">
      <Filter>Header Files</Filter>
    </ClInclude>
    <ClInclude Include="ILMethodHeader.h">
      <Filter>Header Files</Filter>
    </ClInclude>
    <ClInclude Include="ILMethodSect.h">
      <Filter>Header Files</Filter>
    </ClInclude>
    <ClInclude Include="ILTemplates.h">
      <Filter>Header Files</Filter>
    </ClInclude>
    <ClInclude Include="MemoryRef.h">
      <Filter>Header Files</Filter>
    </ClInclude>
    <ClInclude Include="MetadataMethod.h">
      <Filter>Header Files</Filter>
    </ClInclude>
    <ClInclude Include="MetadataModule.h">
      <Filter>Header Files</Filter>
    </ClInclude>
    <ClInclude Include="MethodDefSigBlob.h">
      <Filter>Header Files</Filter>
    </ClInclude>
    <ClInclude Include="Resource.h">
      <Filter>Header Files</Filter>
    </ClInclude>
    <ClInclude Include="RetTypeSigBlob.h">
      <Filter>Header Files</Filter>
    </ClInclude>
    <ClInclude Include="Settings.h">
      <Filter>Header Files</Filter>
    </ClInclude>
    <ClInclude Include="SignatureBlob.h">
      <Filter>Header Files</Filter>
    </ClInclude>
    <ClInclude Include="stdafx.h">
      <Filter>Header Files</Filter>
    </ClInclude>
    <ClInclude Include="TextFile.h">
      <Filter>Header Files</Filter>
    </ClInclude>
    <ClInclude Include="TraceAndLog.h">
      <Filter>Header Files</Filter>
    </ClInclude>
    <ClInclude Include="FaultInjectionEngine.h">
      <Filter>Generated Files</Filter>
    </ClInclude>
  </ItemGroup>
  <ItemGroup>
    <ResourceCompile Include="FaultInjectionEngine.rc">
      <Filter>Resource Files</Filter>
    </ResourceCompile>
  </ItemGroup>
</Project>